
Microsoft Visual Studio Solution File, Format Version 12.00
# Visual Studio Version 17
VisualStudioVersion = 17.0.31903.59
MinimumVisualStudioVersion = 10.0.40219.1
Project("{2150E333-8FDC-42A3-9474-1A3956D46DE8}") = "src", "src", "{827E0CD3-B72D-47B6-A68D-7590B98EB39B}"
EndProject
Project("{FAE04EC0-301F-11D3-BF4B-00C04F79EFBC}") = "NetSearch.Core", "src\NetSearch.Core\NetSearch.Core.csproj", "{6346C94E-1D67-4DAE-9E21-E680E312F15F}"
EndProject
Project("{FAE04EC0-301F-11D3-BF4B-00C04F79EFBC}") = "NetSearch.App", "src\NetSearch.App\NetSearch.App.csproj", "{95E0FB83-031A-499D-BAC4-445F98E2F438}"
EndProject
Project("{2150E333-8FDC-42A3-9474-1A3956D46DE8}") = "tests", "tests", "{0AB3BF05-4346-4AA6-1389-037BE0695223}"
EndProject
Project("{FAE04EC0-301F-11D3-BF4B-00C04F79EFBC}") = "NetSearch.Core.Tests", "tests\NetSearch.Core.Tests\NetSearch.Core.Tests.csproj", "{D32ECFFA-CC05-4490-B826-976B5D9E7D24}"
EndProject
Global
	GlobalSection(SolutionConfigurationPlatforms) = preSolution
		Debug|Any CPU = Debug|Any CPU
		Debug|x64 = Debug|x64
		Debug|x86 = Debug|x86
		Release|Any CPU = Release|Any CPU
		Release|x64 = Release|x64
		Release|x86 = Release|x86
	EndGlobalSection
	GlobalSection(ProjectConfigurationPlatforms) = postSolution
		{6346C94E-1D67-4DAE-9E21-E680E312F15F}.Debug|Any CPU.ActiveCfg = Debug|Any CPU
		{6346C94E-1D67-4DAE-9E21-E680E312F15F}.Debug|Any CPU.Build.0 = Debug|Any CPU
		{6346C94E-1D67-4DAE-9E21-E680E312F15F}.Debug|x64.ActiveCfg = Debug|Any CPU
		{6346C94E-1D67-4DAE-9E21-E680E312F15F}.Debug|x64.Build.0 = Debug|Any CPU
		{6346C94E-1D67-4DAE-9E21-E680E312F15F}.Debug|x86.ActiveCfg = Debug|Any CPU
		{6346C94E-1D67-4DAE-9E21-E680E312F15F}.Debug|x86.Build.0 = Debug|Any CPU
		{6346C94E-1D67-4DAE-9E21-E680E312F15F}.Release|Any CPU.ActiveCfg = Release|Any CPU
		{6346C94E-1D67-4DAE-9E21-E680E312F15F}.Release|Any CPU.Build.0 = Release|Any CPU
		{6346C94E-1D67-4DAE-9E21-E680E312F15F}.Release|x64.ActiveCfg = Release|Any CPU
		{6346C94E-1D67-4DAE-9E21-E680E312F15F}.Release|x64.Build.0 = Release|Any CPU
		{6346C94E-1D67-4DAE-9E21-E680E312F15F}.Release|x86.ActiveCfg = Release|Any CPU
		{6346C94E-1D67-4DAE-9E21-E680E312F15F}.Release|x86.Build.0 = Release|Any CPU
		{95E0FB83-031A-499D-BAC4-445F98E2F438}.Debug|Any CPU.ActiveCfg = Debug|Any CPU
		{95E0FB83-031A-499D-BAC4-445F98E2F438}.Debug|Any CPU.Build.0 = Debug|Any CPU
		{95E0FB83-031A-499D-BAC4-445F98E2F438}.Debug|x64.ActiveCfg = Debug|Any CPU
		{95E0FB83-031A-499D-BAC4-445F98E2F438}.Debug|x64.Build.0 = Debug|Any CPU
		{95E0FB83-031A-499D-BAC4-445F98E2F438}.Debug|x86.ActiveCfg = Debug|Any CPU
		{95E0FB83-031A-499D-BAC4-445F98E2F438}.Debug|x86.Build.0 = Debug|Any CPU
		{95E0FB83-031A-499D-BAC4-445F98E2F438}.Release|Any CPU.ActiveCfg = Release|Any CPU
		{95E0FB83-031A-499D-BAC4-445F98E2F438}.Release|Any CPU.Build.0 = Release|Any CPU
		{95E0FB83-031A-499D-BAC4-445F98E2F438}.Release|x64.ActiveCfg = Release|Any CPU
		{95E0FB83-031A-499D-BAC4-445F98E2F438}.Release|x64.Build.0 = Release|Any CPU
		{95E0FB83-031A-499D-BAC4-445F98E2F438}.Release|x86.ActiveCfg = Release|Any CPU
		{95E0FB83-031A-499D-BAC4-445F98E2F438}.Release|x86.Build.0 = Release|Any CPU
		{D32ECFFA-CC05-4490-B826-976B5D9E7D24}.Debug|Any CPU.ActiveCfg = Debug|Any CPU
		{D32ECFFA-CC05-4490-B826-976B5D9E7D24}.Debug|Any CPU.Build.0 = Debug|Any CPU
		{D32ECFFA-CC05-4490-B826-976B5D9E7D24}.Debug|x64.ActiveCfg = Debug|Any CPU
		{D32ECFFA-CC05-4490-B826-976B5D9E7D24}.Debug|x64.Build.0 = Debug|Any CPU
		{D32ECFFA-CC05-4490-B826-976B5D9E7D24}.Debug|x86.ActiveCfg = Debug|Any CPU
		{D32ECFFA-CC05-4490-B826-976B5D9E7D24}.Debug|x86.Build.0 = Debug|Any CPU
		{D32ECFFA-CC05-4490-B826-976B5D9E7D24}.Release|Any CPU.ActiveCfg = Release|Any CPU
		{D32ECFFA-CC05-4490-B826-976B5D9E7D24}.Release|Any CPU.Build.0 = Release|Any CPU
		{D32ECFFA-CC05-4490-B826-976B5D9E7D24}.Release|x64.ActiveCfg = Release|Any CPU
		{D32ECFFA-CC05-4490-B826-976B5D9E7D24}.Release|x64.Build.0 = Release|Any CPU
		{D32ECFFA-CC05-4490-B826-976B5D9E7D24}.Release|x86.ActiveCfg = Release|Any CPU
		{D32ECFFA-CC05-4490-B826-976B5D9E7D24}.Release|x86.Build.0 = Release|Any CPU
	EndGlobalSection
	GlobalSection(SolutionProperties) = preSolution
		HideSolutionNode = FALSE
	EndGlobalSection
	GlobalSection(NestedProjects) = preSolution
		{6346C94E-1D67-4DAE-9E21-E680E312F15F} = {827E0CD3-B72D-47B6-A68D-7590B98EB39B}
		{95E0FB83-031A-499D-BAC4-445F98E2F438} = {827E0CD3-B72D-47B6-A68D-7590B98EB39B}
		{D32ECFFA-CC05-4490-B826-976B5D9E7D24} = {0AB3BF05-4346-4AA6-1389-037BE0695223}
	EndGlobalSection
EndGlobal
